
Microsoft Visual Studio Solution File, Format Version 12.00
# Visual Studio Version 17
VisualStudioVersion = 17.7.34024.191
MinimumVisualStudioVersion = 10.0.40219.1
Project("{9A19103F-16F7-4668-BE54-9A1E7A4F7556}") = "FastFoodDetection", "FastFoodDetection\FastFoodDetection.csproj", "{8DB78E5A-346D-4108-BBA5-848DEFB277C4}"
EndProject
Project("{FAE04EC0-301F-11D3-BF4B-00C04F79EFBC}") = "FastFoodClassification", "FastFoodClassification\FastFoodClassification.csproj", "{0E207404-F2BA-426E-8810-299725507A4C}"
EndProject
Global
	GlobalSection(SolutionConfigurationPlatforms) = preSolution
		Debug|Any CPU = Debug|Any CPU
		Release|Any CPU = Release|Any CPU
	EndGlobalSection
	GlobalSection(ProjectConfigurationPlatforms) = postSolution
		{8DB78E5A-346D-4108-BBA5-848DEFB277C4}.Debug|Any CPU.ActiveCfg = Debug|Any CPU
		{8DB78E5A-346D-4108-BBA5-848DEFB277C4}.Debug|Any CPU.Build.0 = Debug|Any CPU
		{8DB78E5A-346D-4108-BBA5-848DEFB277C4}.Release|Any CPU.ActiveCfg = Release|Any CPU
		{8DB78E5A-346D-4108-BBA5-848DEFB277C4}.Release|Any CPU.Build.0 = Release|Any CPU
		{0E207404-F2BA-426E-8810-299725507A4C}.Debug|Any CPU.ActiveCfg = Debug|Any CPU
		{0E207404-F2BA-426E-8810-299725507A4C}.Debug|Any CPU.Build.0 = Debug|Any CPU
		{0E207404-F2BA-426E-8810-299725507A4C}.Release|Any CPU.ActiveCfg = Release|Any CPU
		{0E207404-F2BA-426E-8810-299725507A4C}.Release|Any CPU.Build.0 = Release|Any CPU
	EndGlobalSection
	GlobalSection(SolutionProperties) = preSolution
		HideSolutionNode = FALSE
	EndGlobalSection
	GlobalSection(ExtensibilityGlobals) = postSolution
		SolutionGuid = {647CDEDC-FC47-497B-A644-E490B0172A1D}
	EndGlobalSection
EndGlobal
